
Microsoft Visual Studio Solution File, Format Version 12.00
# Visual Studio Version 17
VisualStudioVersion = 17.1.32210.238
MinimumVisualStudioVersion = 10.0.40219.1
Project("{FAE04EC0-301F-11D3-BF4B-00C04F79EFBC}") = "AdressBook", "AdressBook\AdressBook.csproj", "{A79BC244-B052-415C-B466-30B0585223DD}"
EndProject
Global
	GlobalSection(SolutionConfigurationPlatforms) = preSolution
		Debug|Any CPU = Debug|Any CPU
		Release|Any CPU = Release|Any CPU
	EndGlobalSection
	GlobalSection(ProjectConfigurationPlatforms) = postSolution
		{A79BC244-B052-415C-B466-30B0585223DD}.Debug|Any CPU.ActiveCfg = Debug|Any CPU
		{A79BC244-B052-415C-B466-30B0585223DD}.Debug|Any CPU.Build.0 = Debug|Any CPU
		{A79BC244-B052-415C-B466-30B0585223DD}.Release|Any CPU.ActiveCfg = Release|Any CPU
		{A79BC244-B052-415C-B466-30B0585223DD}.Release|Any CPU.Build.0 = Release|Any CPU
	EndGlobalSection
	GlobalSection(SolutionProperties) = preSolution
		HideSolutionNode = FALSE
	EndGlobalSection
	GlobalSection(ExtensibilityGlobals) = postSolution
		SolutionGuid = {8FC1B11B-11BD-43DC-9E53-DE151378B47F}
	EndGlobalSection
EndGlobal
